
Microsoft Visual Studio Solution File, Format Version 12.00
# Visual Studio Version 16
VisualStudioVersion = 16.0.35130.168
MinimumVisualStudioVersion = 10.0.40219.1
Project("{F184B08F-C81C-45F6-A57F-5ABD9991F28F}") = "Training1", "Training1\Training1.vbproj", "{D7F87F90-D1B3-43DA-847D-E62B0DDB3067}"
EndProject
Global
	GlobalSection(SolutionConfigurationPlatforms) = preSolution
		Debug|Any CPU = Debug|Any CPU
		Release|Any CPU = Release|Any CPU
	EndGlobalSection
	GlobalSection(ProjectConfigurationPlatforms) = postSolution
		{D7F87F90-D1B3-43DA-847D-E62B0DDB3067}.Debug|Any CPU.ActiveCfg = Debug|Any CPU
		{D7F87F90-D1B3-43DA-847D-E62B0DDB3067}.Debug|Any CPU.Build.0 = Debug|Any CPU
		{D7F87F90-D1B3-43DA-847D-E62B0DDB3067}.Release|Any CPU.ActiveCfg = Release|Any CPU
		{D7F87F90-D1B3-43DA-847D-E62B0DDB3067}.Release|Any CPU.Build.0 = Release|Any CPU
	EndGlobalSection
	GlobalSection(SolutionProperties) = preSolution
		HideSolutionNode = FALSE
	EndGlobalSection
	GlobalSection(ExtensibilityGlobals) = postSolution
		SolutionGuid = {B58E0CB9-EA24-47BD-BA3B-4BDC54EB351C}
	EndGlobalSection
EndGlobal
